PODS:
  - FlutterMacOS (1.0.0)
  - taqo_email_plugin (0.0.1):
    - FlutterMacOS

DEPENDENCIES:
  - FlutterMacOS (from `Flutter/ephemeral/.symlinks/flutter/darwin-x64`)
  - taqo_email_plugin (from `Flutter/ephemeral/.symlinks/plugins/taqo_email_plugin/macos`)

EXTERNAL SOURCES:
  FlutterMacOS:
    :path: Flutter/ephemeral/.symlinks/flutter/darwin-x64
  taqo_email_plugin:
    :path: Flutter/ephemeral/.symlinks/plugins/taqo_email_plugin/macos

SPEC CHECKSUMS:
  FlutterMacOS: 15bea8a44d2fa024068daa0140371c020b4b6ff9
  taqo_email_plugin: 26d4111d68c90dcf333c186a9fcacc7022942097

PODFILE CHECKSUM: d8ba9b3e9e93c62c74a660b46c6fcb09f03991a7

COCOAPODS: 1.8.4
